<?xml version="1.0" encoding="utf-8"?>
<Project ToolsVersion="4.0" xmlns="http://schemas.microsoft.com/developer/msbuild/2003">
  <ItemGroup>
    <Filter Include="src">
      <UniqueIdentifier>{7ac00fd1-8e7b-4547-b5ee-2ad63ee4e9a9}</UniqueIdentifier>
    </Filter>
    <Filter Include="assets">
      <UniqueIdentifier>{7220d553-a97b-4c47-a3fc-d63f11080441}</UniqueIdentifier>
    </Filter>
    <Filter Include="assets\lua_scripts">
      <UniqueIdentifier>{b8d2c3d7-39c4-4bb4-81d7-14714f29c81a}</UniqueIdentifier>
    </Filter>
    <Filter Include="src\core">
      <UniqueIdentifier>{f2ca8a35-3925-4e03-b2bf-75ec4dfd30f8}</UniqueIdentifier>
    </Filter>
    <Filter Include="headers">
      <UniqueIdentifier>{de42a818-b672-492f-b122-45ef90f0e9f2}</UniqueIdentifier>
    </Filter>
    <Filter Include="headers\pch">
      <UniqueIdentifier>{a708df36-ac4b-4e90-92f3-fc8bdeea036b}</UniqueIdentifier>
    </Filter>
    <Filter Include="src\action">
      <UniqueIdentifier>{66295c90-3660-4d2c-b621-b367b6a0011c}</UniqueIdentifier>
    </Filter>
    <Filter Include="headers\core">
      <UniqueIdentifier>{c1b17f44-fc53-4e15-953b-9ae699bfa56f}</UniqueIdentifier>
    </Filter>
    <Filter Include="headers\action">
      <UniqueIdentifier>{3f714e79-1e55-4667-bb1f-aba4981082a8}</UniqueIdentifier>
    </Filter>
    <Filter Include="headers\core\tpl">
      <UniqueIdentifier>{b6245762-1485-4d0e-be3c-da0dd5ef0c4e}</UniqueIdentifier>
    </Filter>
    <Filter Include="headers\action\tpl">
      <UniqueIdentifier>{28815ee0-1677-4c7c-85a4-9197fae2b26f}</UniqueIdentifier>
    </Filter>
    <Filter Include="headers\util">
      <UniqueIdentifier>{ed1e777b-7f93-42bb-8e4d-4ea4281fcca3}</UniqueIdentifier>
    </Filter>
    <Filter Include="assets\fonts">
      <UniqueIdentifier>{1853a20c-3753-420e-bce5-1bf877034a4a}</UniqueIdentifier>
    </Filter>
    <Filter Include="assets\textures">
      <UniqueIdentifier>{a2399188-3a0b-4b04-b4ae-2380e94f2deb}</UniqueIdentifier>
    </Filter>
    <Filter Include="assets\textures\tilesets">
      <UniqueIdentifier>{9834df97-3307-406d-a474-22425b373b5b}</UniqueIdentifier>
    </Filter>
    <Filter Include="assets\textures\tilesets\map1">
      <UniqueIdentifier>{e71a2979-8e91-4dbe-912e-618e19b67ab6}</UniqueIdentifier>
    </Filter>
    <Filter Include="assets\textures\actors">
      <UniqueIdentifier>{2a056955-5da2-49c6-bd4b-9ece09335b13}</UniqueIdentifier>
    </Filter>
    <Filter Include="assets\textures\actors\player">
      <UniqueIdentifier>{11472a48-6a0a-402b-a8d2-dd27512c1f16}</UniqueIdentifier>
    </Filter>
    <Filter Include="assets\textures\projectiles">
      <UniqueIdentifier>{b761d8a4-35ad-4915-8143-b8626231d512}</UniqueIdentifier>
    </Filter>
    <Filter Include="assets\textures\actors\enemies">
      <UniqueIdentifier>{4a32ab3a-7f19-436d-b674-b8860b79c751}</UniqueIdentifier>
    </Filter>
    <Filter Include="assets\textures\actors\enemies\metal_bird">
      <UniqueIdentifier>{734c3abd-27a9-4d35-967c-5ae8a93202e0}</UniqueIdentifier>
    </Filter>
    <Filter Include="assets\textures\projectiles\bullets">
      <UniqueIdentifier>{2fabbd41-2ece-4d74-a287-9748093e82a1}</UniqueIdentifier>
    </Filter>
    <Filter Include="assets\textures\projectiles\bullets\buster_shot">
      <UniqueIdentifier>{054154e6-bd0e-47ce-9742-82c9232d13a0}</UniqueIdentifier>
    </Filter>
    <Filter Include="assets\textures\platforms">
      <UniqueIdentifier>{a6d8b19a-4eee-4f54-9056-04cbeaa094f1}</UniqueIdentifier>
    </Filter>
    <Filter Include="src\util">
      <UniqueIdentifier>{4a8e9dc5-c41e-4679-82d8-6b1b3ad3d4d6}</UniqueIdentifier>
    </Filter>
    <Filter Include="src\entity">
      <UniqueIdentifier>{b148f2d7-bff2-4a3e-8bc6-ed3b44d47912}</UniqueIdentifier>
    </Filter>
    <Filter Include="headers\entity">
      <UniqueIdentifier>{a527ec5d-3cbc-4c87-8c9c-199d1d58d9c6}</UniqueIdentifier>
    </Filter>
    <Filter Include="assets\bboxes">
      <UniqueIdentifier>{d2c95f39-d925-404a-95e9-61e097c41241}</UniqueIdentifier>
    </Filter>
    <Filter Include="assets\bboxes\enemies">
      <UniqueIdentifier>{a6fc2f8d-a2b6-4b0b-8c90-28f814e1ed9e}</UniqueIdentifier>
    </Filter>
    <Filter Include="assets\bboxes\projectiles">
      <UniqueIdentifier>{1661f145-2d9d-411f-b0fb-81a23681e5e2}</UniqueIdentifier>
    </Filter>
    <Filter Include="assets\bboxes\player">
      <UniqueIdentifier>{585239c6-cf19-4da6-bed3-dd6071b73397}</UniqueIdentifier>
    </Filter>
    <Filter Include="assets\bboxes\platforms">
      <UniqueIdentifier>{e7a0cd64-5246-4e2c-9585-2a23e614602c}</UniqueIdentifier>
    </Filter>
    <Filter Include="assets\bboxes\misc">
      <UniqueIdentifier>{71a278f4-4e18-4661-8762-86f14ff8271e}</UniqueIdentifier>
    </Filter>
  </ItemGroup>
  <ItemGroup>
    <ClCompile Include="src\main.cpp">
      <Filter>src</Filter>
    </ClCompile>
    <ClCompile Include="src\core\Cfg.cpp">
      <Filter>src\core</Filter>
    </ClCompile>
    <ClCompile Include="src\pch.cpp">
      <Filter>headers\pch</Filter>
    </ClCompile>
    <ClCompile Include="src\action\Action.cpp">
      <Filter>src\action</Filter>
    </ClCompile>
    <ClCompile Include="src\core\Game.cpp">
      <Filter>src\core</Filter>
    </ClCompile>
    <ClCompile Include="src\core\render_game.cpp">
      <Filter>src\core</Filter>
    </ClCompile>
    <ClCompile Include="src\core\run_game.cpp">
      <Filter>src\core</Filter>
    </ClCompile>
    <ClCompile Include="src\util\util_dynamics.cpp">
      <Filter>src\util</Filter>
    </ClCompile>
    <ClCompile Include="src\util\util_game.cpp">
      <Filter>src\util</Filter>
    </ClCompile>
    <ClCompile Include="src\util\util.cpp">
      <Filter>src\util</Filter>
    </ClCompile>
    <ClCompile Include="src\util\util_tile.cpp">
      <Filter>src\util</Filter>
    </ClCompile>
    <ClCompile Include="src\util\util_manipulator.cpp">
      <Filter>src\util</Filter>
    </ClCompile>
    <ClCompile Include="src\entity\EntityMgr.cpp">
      <Filter>src\entity</Filter>
    </ClCompile>
    <ClCompile Include="src\entity\Entity.cpp">
      <Filter>src\entity</Filter>
    </ClCompile>
    <ClCompile Include="src\entity\EntityHandle.cpp">
      <Filter>src\entity</Filter>
    </ClCompile>
    <ClCompile Include="src\core\initMembers.cpp">
      <Filter>src\core</Filter>
    </ClCompile>
    <ClCompile Include="src\core\loadAnimations.cpp">
      <Filter>src\core</Filter>
    </ClCompile>
    <ClCompile Include="src\core\game_dynamic_animation.cpp">
      <Filter>src\core</Filter>
    </ClCompile>
    <ClCompile Include="src\core\game_dynamic_animation_bboxes.cpp">
      <Filter>src\core</Filter>
    </ClCompile>
    <ClCompile Include="src\core\game_dynamics_update.cpp">
      <Filter>src\core</Filter>
    </ClCompile>
  </ItemGroup>
  <ItemGroup>
    <ClInclude Include="src\pch.hpp">
      <Filter>headers\pch</Filter>
    </ClInclude>
    <ClInclude Include="src\core\Cfg.hpp">
      <Filter>headers\core</Filter>
    </ClInclude>
    <ClInclude Include="src\core\ResourceManager.hpp">
      <Filter>headers\core</Filter>
    </ClInclude>
    <ClInclude Include="src\action\Action.hpp">
      <Filter>headers\action</Filter>
    </ClInclude>
    <ClInclude Include="src\action\ActionMap.hpp">
      <Filter>headers\action</Filter>
    </ClInclude>
    <ClInclude Include="src\action\ActionTarget.hpp">
      <Filter>headers\action</Filter>
    </ClInclude>
    <ClInclude Include="src\util\lua_util.hpp">
      <Filter>headers\util</Filter>
    </ClInclude>
    <ClInclude Include="src\core\Game.hpp">
      <Filter>headers\core</Filter>
    </ClInclude>
    <ClInclude Include="src\util\util.hpp">
      <Filter>headers\util</Filter>
    </ClInclude>
    <ClInclude Include="src\entity\Entity.hpp">
      <Filter>headers\entity</Filter>
    </ClInclude>
    <ClInclude Include="src\entity\EntityMgr.hpp">
      <Filter>headers\entity</Filter>
    </ClInclude>
    <ClInclude Include="src\entity\EntityHandle.hpp">
      <Filter>headers\entity</Filter>
    </ClInclude>
  </ItemGroup>
  <ItemGroup>
    <None Include="assets\lua_scripts\level.lua">
      <Filter>assets\lua_scripts</Filter>
    </None>
    <None Include="src\core\tpl\ResourceManager.tpl">
      <Filter>headers\core\tpl</Filter>
    </None>
    <None Include="src\action\tpl\ActionMap.tpl">
      <Filter>headers\action\tpl</Filter>
    </None>
    <None Include="src\action\tpl\ActionTarget.tpl">
      <Filter>headers\action\tpl</Filter>
    </None>
    <None Include="assets\lua_scripts\entity.lua">
      <Filter>assets\lua_scripts</Filter>
    </None>
    <None Include="assets\bboxes\platforms\fly_pad.bbox">
      <Filter>assets\bboxes\platforms</Filter>
    </None>
    <None Include="assets\bboxes\enemies\metal_bird.bbox">
      <Filter>assets\bboxes\enemies</Filter>
    </None>
    <None Include="assets\bboxes\player\player.bbox">
      <Filter>assets\bboxes\player</Filter>
    </None>
    <None Include="assets\bboxes\projectiles\buster_shot_normal.bbox">
      <Filter>assets\bboxes\projectiles</Filter>
    </None>
  </ItemGroup>
  <ItemGroup>
    <Text Include="src\script-Main.lua">
      <Filter>assets\lua_scripts</Filter>
    </Text>
  </ItemGroup>
  <ItemGroup>
    <Font Include="assets\fonts\freedom.ttf">
      <Filter>assets\fonts</Filter>
    </Font>
    <Font Include="assets\fonts\frisky_puppy.ttf">
      <Filter>assets\fonts</Filter>
    </Font>
  </ItemGroup>
  <ItemGroup>
    <Image Include="assets\textures\tilesets\map1\platformer1.png">
      <Filter>assets\textures\tilesets\map1</Filter>
    </Image>
    <Image Include="assets\textures\tilesets\map1\A1_AnimatedGround.png">
      <Filter>assets\textures\tilesets\map1</Filter>
    </Image>
    <Image Include="assets\textures\tilesets\map1\A4_Walls.png">
      <Filter>assets\textures\tilesets\map1</Filter>
    </Image>
    <Image Include="assets\textures\tilesets\map1\A4_Walls_2.png">
      <Filter>assets\textures\tilesets\map1</Filter>
    </Image>
    <Image Include="assets\textures\tilesets\map1\A5_Tiles.png">
      <Filter>assets\textures\tilesets\map1</Filter>
    </Image>
    <Image Include="assets\textures\tilesets\map1\B_HouseExteriorTiles.png">
      <Filter>assets\textures\tilesets\map1</Filter>
    </Image>
    <Image Include="assets\textures\tilesets\map1\B_HouseExteriorTiles_1.png">
      <Filter>assets\textures\tilesets\map1</Filter>
    </Image>
    <Image Include="assets\textures\tilesets\map1\B_HouseExteriorTiles_1_B.png">
      <Filter>assets\textures\tilesets\map1</Filter>
    </Image>
    <Image Include="assets\textures\tilesets\map1\B_HouseExteriorTiles_2.png">
      <Filter>assets\textures\tilesets\map1</Filter>
    </Image>
    <Image Include="assets\textures\tilesets\map1\B_HouseExteriorTiles_2_B.png">
      <Filter>assets\textures\tilesets\map1</Filter>
    </Image>
    <Image Include="assets\textures\tilesets\map1\C_OutSide_Nature.png">
      <Filter>assets\textures\tilesets\map1</Filter>
    </Image>
    <Image Include="assets\textures\tilesets\map1\D_Inside_House.png">
      <Filter>assets\textures\tilesets\map1</Filter>
    </Image>
    <Image Include="assets\textures\tilesets\map1\D_OutDoor.png">
      <Filter>assets\textures\tilesets\map1</Filter>
    </Image>
    <Image Include="assets\textures\tilesets\map1\ground.png">
      <Filter>assets\textures\tilesets\map1</Filter>
    </Image>
    <Image Include="assets\textures\actors\player\player_atlas.png">
      <Filter>assets\textures\actors\player</Filter>
    </Image>
    <Image Include="assets\textures\actors\enemies\metal_bird\metal_bird.png">
      <Filter>assets\textures\actors\enemies\metal_bird</Filter>
    </Image>
    <Image Include="assets\textures\projectiles\bullets\buster_shot\buster_shot_normal.png">
      <Filter>assets\textures\projectiles\bullets\buster_shot</Filter>
    </Image>
    <Image Include="assets\textures\platforms\fly_pad67x40.png">
      <Filter>assets\textures\platforms</Filter>
    </Image>
  </ItemGroup>
</Project>